
Microsoft Visual Studio Solution File, Format Version 12.00
# Visual Studio 15
VisualStudioVersion = 15.0.28307.902
MinimumVisualStudioVersion = 10.0.40219.1
Project("{FAE04EC0-301F-11D3-BF4B-00C04F79EFBC}") = "Person", "Person\Person.csproj", "{3D451918-EA12-45F3-878F-F2D4FEE99778}"
EndProject
Global
	GlobalSection(SolutionConfigurationPlatforms) = preSolution
		Debug|Any CPU = Debug|Any CPU
		Debug|x64 = Debug|x64
		Release|Any CPU = Release|Any CPU
		Release|x64 = Release|x64
	EndGlobalSection
	GlobalSection(ProjectConfigurationPlatforms) = postSolution
		{3D451918-EA12-45F3-878F-F2D4FEE99778}.Debug|Any CPU.ActiveCfg = Debug|Any CPU
		{3D451918-EA12-45F3-878F-F2D4FEE99778}.Debug|Any CPU.Build.0 = Debug|Any CPU
		{3D451918-EA12-45F3-878F-F2D4FEE99778}.Debug|x64.ActiveCfg = Debug|x64
		{3D451918-EA12-45F3-878F-F2D4FEE99778}.Debug|x64.Build.0 = Debug|x64
		{3D451918-EA12-45F3-878F-F2D4FEE99778}.Release|Any CPU.ActiveCfg = Release|Any CPU
		{3D451918-EA12-45F3-878F-F2D4FEE99778}.Release|Any CPU.Build.0 = Release|Any CPU
		{3D451918-EA12-45F3-878F-F2D4FEE99778}.Release|x64.ActiveCfg = Release|x64
		{3D451918-EA12-45F3-878F-F2D4FEE99778}.Release|x64.Build.0 = Release|x64
	EndGlobalSection
	GlobalSection(SolutionProperties) = preSolution
		HideSolutionNode = FALSE
	EndGlobalSection
	GlobalSection(ExtensibilityGlobals) = postSolution
		SolutionGuid = {85164ACA-339B-43CB-9BA2-3657AA1C4459}
	EndGlobalSection
EndGlobal
